
Microsoft Visual Studio Solution File, Format Version 12.00
# Visual Studio Version 17
VisualStudioVersion = 17.5.33530.505
MinimumVisualStudioVersion = 10.0.40219.1
Project("{FAE04EC0-301F-11D3-BF4B-00C04F79EFBC}") = "PaginaWeb", "PaginaWeb\PaginaWeb.csproj", "{1D710A17-D53C-4D4A-946A-EEF3D3A8D25B}"
EndProject
Global
	GlobalSection(SolutionConfigurationPlatforms) = preSolution
		Debug|Any CPU = Debug|Any CPU
		Release|Any CPU = Release|Any CPU
	EndGlobalSection
	GlobalSection(ProjectConfigurationPlatforms) = postSolution
		{1D710A17-D53C-4D4A-946A-EEF3D3A8D25B}.Debug|Any CPU.ActiveCfg = Debug|Any CPU
		{1D710A17-D53C-4D4A-946A-EEF3D3A8D25B}.Debug|Any CPU.Build.0 = Debug|Any CPU
		{1D710A17-D53C-4D4A-946A-EEF3D3A8D25B}.Release|Any CPU.ActiveCfg = Release|Any CPU
		{1D710A17-D53C-4D4A-946A-EEF3D3A8D25B}.Release|Any CPU.Build.0 = Release|Any CPU
	EndGlobalSection
	GlobalSection(SolutionProperties) = preSolution
		HideSolutionNode = FALSE
	EndGlobalSection
	GlobalSection(ExtensibilityGlobals) = postSolution
		SolutionGuid = {3D5115AE-6F92-48A7-932A-5421CEA7EA43}
	EndGlobalSection
EndGlobal
